{
  "version": 4,
  "terraform_version": "1.0.6",
  "serial": 123,
  "lineage": "0d80efc2-304b-97b8-b8d9-a4fa28ccec43",
  "outputs": {
    "ip_address": {
      "value": [
        "138.68.159.44",
        "159.65.92.96"
      ],
      "type": [
        "tuple",
        [
          "string",
          "string"
        ]
      ]
    }
  },
  "resources": [
    {
      "mode": "managed",
      "type": "digitalocean_droplet",
      "name": "docean-terraform-example",
      "provider": "provider[\"registry.terraform.io/digitalocean/digitalocean\"]",
      "instances": [
        {
          "index_key": 0,
          "schema_version": 1,
          "attributes": {
            "backups": false,
            "created_at": "2021-09-07T10:45:18Z",
            "disk": 25,
            "droplet_agent": null,
            "id": "263625869",
            "image": "ubuntu-20-04-x64",
            "ipv4_address": "138.68.159.44",
            "ipv4_address_private": "10.131.20.230",
            "ipv6": false,
            "ipv6_address": "",
            "locked": false,
            "memory": 1024,
            "monitoring": false,
            "name": "docean-terraform-example",
            "price_hourly": 0.00744,
            "price_monthly": 5,
            "private_networking": true,
            "region": "lon1",
            "resize_disk": true,
            "size": "s-1vcpu-1gb",
            "ssh_keys": null,
            "status": "active",
            "tags": null,
            "urn": "do:droplet:263625869",
            "user_data": "89df9698fdbd619ef9544987fb7d8b68c8e1ae13",
            "vcpus": 1,
            "volume_ids": [],
            "vpc_uuid": "f13703b1-a1ba-4f17-aa9e-8fd5d1002a18"
          },
          "sensitive_attributes": [],
          "private": "eyJzY2hlbWFfdmVyc2lvbiI6IjEifQ=="
        },
        {
          "index_key": 1,
          "schema_version": 1,
          "attributes": {
            "backups": false,
            "created_at": "2021-09-07T10:45:19Z",
            "disk": 25,
            "droplet_agent": null,
            "id": "263625870",
            "image": "ubuntu-20-04-x64",
            "ipv4_address": "159.65.92.96",
            "ipv4_address_private": "10.131.140.145",
            "ipv6": false,
            "ipv6_address": "",
            "locked": false,
            "memory": 1024,
            "monitoring": false,
            "name": "docean-terraform-example",
            "price_hourly": 0.00744,
            "price_monthly": 5,
            "private_networking": true,
            "region": "lon1",
            "resize_disk": true,
            "size": "s-1vcpu-1gb",
            "ssh_keys": null,
            "status": "active",
            "tags": null,
            "urn": "do:droplet:263625870",
            "user_data": "89df9698fdbd619ef9544987fb7d8b68c8e1ae13",
            "vcpus": 1,
            "volume_ids": [],
            "vpc_uuid": "f13703b1-a1ba-4f17-aa9e-8fd5d1002a18"
          },
          "sensitive_attributes": [],
          "private": "eyJzY2hlbWFfdmVyc2lvbiI6IjEifQ=="
        }
      ]
    },
    {
      "mode": "managed",
      "type": "digitalocean_ssh_key",
      "name": "docean-terraform-example",
      "provider": "provider[\"registry.terraform.io/digitalocean/digitalocean\"]",
      "instances": [
        {
          "schema_version": 0,
          "attributes": {
            "fingerprint": "81:0d:fd:3b:e6:80:2e:e8:70:cc:9d:7b:01:5f:ba:71",
            "id": "31215374",
            "name": "docean-terraform-example",
            "public_key": "ssh-rsa AAAAB3NzaC1yc2EAAAADAQABAAABgQDDebCpRFT7bIpX/GEuf1+G9J3TpHJOcMZNbl7bK7QM9ERFNh5JJ6RIYGKC/6wEnrZ/IdgNFW/bXyLZh/8pxMR5lwKPFUbvVpaeGtMHAS8s7T/F9xIiYF2svd+5jZb1RE/AaZWWL/8KR8zQcP0rCatLeX+sVVUGFz0P2Wl2v4Q22Osw0j1JCyjKPCadfSVSzWpc3V6luRFfj2HPB/jbhRQt3btbMw7TE2Ql5F/PWpj7ot0itYP7QDKtbVObdpnx3BCR41bvbS40aCxVlgBywpe8YkTEfbSBk9TBsWRTb2XOX/9iOEm0+CxbHb6aneGf2lkYrhdH7bCnSEmJvnr9P7DIF4wPebP27CEnwXL2FrrX0u2GaowGUT7oO9wDLEOg7iNLjYU2Qvg2iTI5azHJ8AMbYQHzwrIfEfmkxANeKSAScwsItMJ6f5nyOAtux67Q0X2EhP/v+ntmZwHwy1tUlZKz4nfV2xJy+PCwOzfB3+0BS2zmrDFziHfu8ZfGQA8Siy0= larry@example.com\n"
          },
          "sensitive_attributes": [],
          "private": "bnVsbA=="
        }
      ]
    }
  ]
}
